
Microsoft Visual Studio Solution File, Format Version 12.00
# Visual Studio 15
VisualStudioVersion = 15.0.26124.0
MinimumVisualStudioVersion = 15.0.26124.0
Project("{2150E333-8FDC-42A3-9474-1A3956D46DE8}") = "src", "src", "{9978953E-CFCA-43CF-9586-19B9B1E7B8C3}"
EndProject
Project("{FAE04EC0-301F-11D3-BF4B-00C04F79EFBC}") = "DaaSDemo.Api", "src\DaaSDemo.Api\DaaSDemo.Api.csproj", "{D5C611AF-14D1-4D72-B81B-CDC65FB0E8D2}"
EndProject
Project("{FAE04EC0-301F-11D3-BF4B-00C04F79EFBC}") = "DaaSDemo.Common", "src\DaaSDemo.Common\DaaSDemo.Common.csproj", "{C180DECB-F799-4005-99E7-A84E82749E28}"
EndProject
Project("{FAE04EC0-301F-11D3-BF4B-00C04F79EFBC}") = "DaaSDemo.Data", "src\DaaSDemo.Data\DaaSDemo.Data.csproj", "{F80544EE-ABD5-411A-93D8-12E001F02574}"
EndProject
Project("{FAE04EC0-301F-11D3-BF4B-00C04F79EFBC}") = "DaaSDemo.KubeClient", "src\DaaSDemo.KubeClient\DaaSDemo.KubeClient.csproj", "{14CAFBAD-7A81-42C9-87C6-CD97ADB1359E}"
EndProject
Project("{FAE04EC0-301F-11D3-BF4B-00C04F79EFBC}") = "DaaSDemo.Models", "src\DaaSDemo.Models\DaaSDemo.Models.csproj", "{2E6F284B-0911-47EE-B007-9CB80280A1D4}"
EndProject
Project("{FAE04EC0-301F-11D3-BF4B-00C04F79EFBC}") = "DaaSDemo.Provisioning", "src\DaaSDemo.Provisioning\DaaSDemo.Provisioning.csproj", "{BF04ED23-547A-47EB-80E8-6B117EB52A48}"
EndProject
Project("{FAE04EC0-301F-11D3-BF4B-00C04F79EFBC}") = "DaaSDemo.DatabaseProxy", "src\DaaSDemo.DatabaseProxy\DaaSDemo.DatabaseProxy.csproj", "{0819EDBC-F0C5-4382-B1EF-59DD135A686B}"
EndProject
Project("{FAE04EC0-301F-11D3-BF4B-00C04F79EFBC}") = "DaaSDemo.DatabaseProxy.Client", "src\DaaSDemo.DatabaseProxy.Client\DaaSDemo.DatabaseProxy.Client.csproj", "{05A938CF-AA23-48E1-A88B-6A06960669D3}"
EndProject
Project("{2150E333-8FDC-42A3-9474-1A3956D46DE8}") = "test", "test", "{D0233EE6-8347-4D14-856E-34981CD8226F}"
EndProject
Project("{FAE04EC0-301F-11D3-BF4B-00C04F79EFBC}") = "DaaSDemo.TestHarness", "test\DaaSDemo.TestHarness\DaaSDemo.TestHarness.csproj", "{3CAF20EF-8032-4F62-88B6-B1152B0ED404}"
EndProject
Project("{FAE04EC0-301F-11D3-BF4B-00C04F79EFBC}") = "DaaSDemo.Provisioning.Host", "src\DaaSDemo.Provisioning.Host\DaaSDemo.Provisioning.Host.csproj", "{3A75F6A3-1AAB-489C-8F29-4A5D2AAE33D4}"
EndProject
Project("{FAE04EC0-301F-11D3-BF4B-00C04F79EFBC}") = "DaaSDemo.UI", "src\DaaSDemo.UI\DaaSDemo.UI.csproj", "{72652748-1C68-438B-8492-FA9F38355EF6}"
EndProject
Project("{FAE04EC0-301F-11D3-BF4B-00C04F79EFBC}") = "DaaSDemo.Logging", "src\DaaSDemo.Logging\DaaSDemo.Logging.csproj", "{B2391FD2-432E-4B55-AB50-4C17AA9ADD31}"
EndProject
Project("{FAE04EC0-301F-11D3-BF4B-00C04F79EFBC}") = "DaaSDemo.Crypto", "src\DaaSDemo.Crypto\DaaSDemo.Crypto.csproj", "{A10AE842-1113-4AA3-A8EB-D8DD89F5B27D}"
EndProject
Project("{FAE04EC0-301F-11D3-BF4B-00C04F79EFBC}") = "DaaSDemo.IdentityServer", "src\DaaSDemo.IdentityServer\DaaSDemo.IdentityServer.csproj", "{B0721F85-8F6D-41DD-B38C-3337002A14B7}"
EndProject
Project("{FAE04EC0-301F-11D3-BF4B-00C04F79EFBC}") = "DaaSDemo.Identity", "src\DaaSDemo.Identity\DaaSDemo.Identity.csproj", "{A2183256-3107-4D4F-B569-802D8B6D5D9D}"
EndProject
Project("{2150E333-8FDC-42A3-9474-1A3956D46DE8}") = "tools", "tools", "{178D21F5-719C-413B-8D60-38F80D6E70B4}"
EndProject
Project("{FAE04EC0-301F-11D3-BF4B-00C04F79EFBC}") = "CreateInitialData", "tools\CreateInitialData\CreateInitialData.csproj", "{10D0DA61-2322-4D15-986C-531DE35C1752}"
EndProject
Project("{FAE04EC0-301F-11D3-BF4B-00C04F79EFBC}") = "CreateIndexes", "tools\CreateIndexes\CreateIndexes.csproj", "{61D91473-231B-4722-8B02-A2419B2AAEA9}"
EndProject
Global
	GlobalSection(SolutionConfigurationPlatforms) = preSolution
		Debug|Any CPU = Debug|Any CPU
		Debug|x64 = Debug|x64
		Debug|x86 = Debug|x86
		Release|Any CPU = Release|Any CPU
		Release|x64 = Release|x64
		Release|x86 = Release|x86
	EndGlobalSection
	GlobalSection(SolutionProperties) = preSolution
		HideSolutionNode = FALSE
	EndGlobalSection
	GlobalSection(ProjectConfigurationPlatforms) = postSolution
		{D5C611AF-14D1-4D72-B81B-CDC65FB0E8D2}.Debug|Any CPU.ActiveCfg = Debug|Any CPU
		{D5C611AF-14D1-4D72-B81B-CDC65FB0E8D2}.Debug|Any CPU.Build.0 = Debug|Any CPU
		{D5C611AF-14D1-4D72-B81B-CDC65FB0E8D2}.Debug|x64.ActiveCfg = Debug|x64
		{D5C611AF-14D1-4D72-B81B-CDC65FB0E8D2}.Debug|x64.Build.0 = Debug|x64
		{D5C611AF-14D1-4D72-B81B-CDC65FB0E8D2}.Debug|x86.ActiveCfg = Debug|x86
		{D5C611AF-14D1-4D72-B81B-CDC65FB0E8D2}.Debug|x86.Build.0 = Debug|x86
		{D5C611AF-14D1-4D72-B81B-CDC65FB0E8D2}.Release|Any CPU.ActiveCfg = Release|Any CPU
		{D5C611AF-14D1-4D72-B81B-CDC65FB0E8D2}.Release|Any CPU.Build.0 = Release|Any CPU
		{D5C611AF-14D1-4D72-B81B-CDC65FB0E8D2}.Release|x64.ActiveCfg = Release|x64
		{D5C611AF-14D1-4D72-B81B-CDC65FB0E8D2}.Release|x64.Build.0 = Release|x64
		{D5C611AF-14D1-4D72-B81B-CDC65FB0E8D2}.Release|x86.ActiveCfg = Release|x86
		{D5C611AF-14D1-4D72-B81B-CDC65FB0E8D2}.Release|x86.Build.0 = Release|x86
		{BF04ED23-547A-47EB-80E8-6B117EB52A48}.Debug|Any CPU.ActiveCfg = Debug|Any CPU
		{BF04ED23-547A-47EB-80E8-6B117EB52A48}.Debug|Any CPU.Build.0 = Debug|Any CPU
		{BF04ED23-547A-47EB-80E8-6B117EB52A48}.Debug|x64.ActiveCfg = Debug|x64
		{BF04ED23-547A-47EB-80E8-6B117EB52A48}.Debug|x64.Build.0 = Debug|x64
		{BF04ED23-547A-47EB-80E8-6B117EB52A48}.Debug|x86.ActiveCfg = Debug|x86
		{BF04ED23-547A-47EB-80E8-6B117EB52A48}.Debug|x86.Build.0 = Debug|x86
		{BF04ED23-547A-47EB-80E8-6B117EB52A48}.Release|Any CPU.ActiveCfg = Release|Any CPU
		{BF04ED23-547A-47EB-80E8-6B117EB52A48}.Release|Any CPU.Build.0 = Release|Any CPU
		{BF04ED23-547A-47EB-80E8-6B117EB52A48}.Release|x64.ActiveCfg = Release|x64
		{BF04ED23-547A-47EB-80E8-6B117EB52A48}.Release|x64.Build.0 = Release|x64
		{BF04ED23-547A-47EB-80E8-6B117EB52A48}.Release|x86.ActiveCfg = Release|x86
		{BF04ED23-547A-47EB-80E8-6B117EB52A48}.Release|x86.Build.0 = Release|x86
		{F80544EE-ABD5-411A-93D8-12E001F02574}.Debug|Any CPU.ActiveCfg = Debug|Any CPU
		{F80544EE-ABD5-411A-93D8-12E001F02574}.Debug|Any CPU.Build.0 = Debug|Any CPU
		{F80544EE-ABD5-411A-93D8-12E001F02574}.Debug|x64.ActiveCfg = Debug|x64
		{F80544EE-ABD5-411A-93D8-12E001F02574}.Debug|x64.Build.0 = Debug|x64
		{F80544EE-ABD5-411A-93D8-12E001F02574}.Debug|x86.ActiveCfg = Debug|x86
		{F80544EE-ABD5-411A-93D8-12E001F02574}.Debug|x86.Build.0 = Debug|x86
		{F80544EE-ABD5-411A-93D8-12E001F02574}.Release|Any CPU.ActiveCfg = Release|Any CPU
		{F80544EE-ABD5-411A-93D8-12E001F02574}.Release|Any CPU.Build.0 = Release|Any CPU
		{F80544EE-ABD5-411A-93D8-12E001F02574}.Release|x64.ActiveCfg = Release|x64
		{F80544EE-ABD5-411A-93D8-12E001F02574}.Release|x64.Build.0 = Release|x64
		{F80544EE-ABD5-411A-93D8-12E001F02574}.Release|x86.ActiveCfg = Release|x86
		{F80544EE-ABD5-411A-93D8-12E001F02574}.Release|x86.Build.0 = Release|x86
		{14CAFBAD-7A81-42C9-87C6-CD97ADB1359E}.Debug|Any CPU.ActiveCfg = Debug|Any CPU
		{14CAFBAD-7A81-42C9-87C6-CD97ADB1359E}.Debug|Any CPU.Build.0 = Debug|Any CPU
		{14CAFBAD-7A81-42C9-87C6-CD97ADB1359E}.Debug|x64.ActiveCfg = Debug|x64
		{14CAFBAD-7A81-42C9-87C6-CD97ADB1359E}.Debug|x64.Build.0 = Debug|x64
		{14CAFBAD-7A81-42C9-87C6-CD97ADB1359E}.Debug|x86.ActiveCfg = Debug|x86
		{14CAFBAD-7A81-42C9-87C6-CD97ADB1359E}.Debug|x86.Build.0 = Debug|x86
		{14CAFBAD-7A81-42C9-87C6-CD97ADB1359E}.Release|Any CPU.ActiveCfg = Release|Any CPU
		{14CAFBAD-7A81-42C9-87C6-CD97ADB1359E}.Release|Any CPU.Build.0 = Release|Any CPU
		{14CAFBAD-7A81-42C9-87C6-CD97ADB1359E}.Release|x64.ActiveCfg = Release|x64
		{14CAFBAD-7A81-42C9-87C6-CD97ADB1359E}.Release|x64.Build.0 = Release|x64
		{14CAFBAD-7A81-42C9-87C6-CD97ADB1359E}.Release|x86.ActiveCfg = Release|x86
		{14CAFBAD-7A81-42C9-87C6-CD97ADB1359E}.Release|x86.Build.0 = Release|x86
		{C180DECB-F799-4005-99E7-A84E82749E28}.Debug|Any CPU.ActiveCfg = Debug|Any CPU
		{C180DECB-F799-4005-99E7-A84E82749E28}.Debug|Any CPU.Build.0 = Debug|Any CPU
		{C180DECB-F799-4005-99E7-A84E82749E28}.Debug|x64.ActiveCfg = Debug|x64
		{C180DECB-F799-4005-99E7-A84E82749E28}.Debug|x64.Build.0 = Debug|x64
		{C180DECB-F799-4005-99E7-A84E82749E28}.Debug|x86.ActiveCfg = Debug|x86
		{C180DECB-F799-4005-99E7-A84E82749E28}.Debug|x86.Build.0 = Debug|x86
		{C180DECB-F799-4005-99E7-A84E82749E28}.Release|Any CPU.ActiveCfg = Release|Any CPU
		{C180DECB-F799-4005-99E7-A84E82749E28}.Release|Any CPU.Build.0 = Release|Any CPU
		{C180DECB-F799-4005-99E7-A84E82749E28}.Release|x64.ActiveCfg = Release|x64
		{C180DECB-F799-4005-99E7-A84E82749E28}.Release|x64.Build.0 = Release|x64
		{C180DECB-F799-4005-99E7-A84E82749E28}.Release|x86.ActiveCfg = Release|x86
		{C180DECB-F799-4005-99E7-A84E82749E28}.Release|x86.Build.0 = Release|x86
		{0819EDBC-F0C5-4382-B1EF-59DD135A686B}.Debug|Any CPU.ActiveCfg = Debug|Any CPU
		{0819EDBC-F0C5-4382-B1EF-59DD135A686B}.Debug|Any CPU.Build.0 = Debug|Any CPU
		{0819EDBC-F0C5-4382-B1EF-59DD135A686B}.Debug|x64.ActiveCfg = Debug|x64
		{0819EDBC-F0C5-4382-B1EF-59DD135A686B}.Debug|x64.Build.0 = Debug|x64
		{0819EDBC-F0C5-4382-B1EF-59DD135A686B}.Debug|x86.ActiveCfg = Debug|x86
		{0819EDBC-F0C5-4382-B1EF-59DD135A686B}.Debug|x86.Build.0 = Debug|x86
		{0819EDBC-F0C5-4382-B1EF-59DD135A686B}.Release|Any CPU.ActiveCfg = Release|Any CPU
		{0819EDBC-F0C5-4382-B1EF-59DD135A686B}.Release|Any CPU.Build.0 = Release|Any CPU
		{0819EDBC-F0C5-4382-B1EF-59DD135A686B}.Release|x64.ActiveCfg = Release|x64
		{0819EDBC-F0C5-4382-B1EF-59DD135A686B}.Release|x64.Build.0 = Release|x64
		{0819EDBC-F0C5-4382-B1EF-59DD135A686B}.Release|x86.ActiveCfg = Release|x86
		{0819EDBC-F0C5-4382-B1EF-59DD135A686B}.Release|x86.Build.0 = Release|x86
		{2E6F284B-0911-47EE-B007-9CB80280A1D4}.Debug|Any CPU.ActiveCfg = Debug|Any CPU
		{2E6F284B-0911-47EE-B007-9CB80280A1D4}.Debug|Any CPU.Build.0 = Debug|Any CPU
		{2E6F284B-0911-47EE-B007-9CB80280A1D4}.Debug|x64.ActiveCfg = Debug|x64
		{2E6F284B-0911-47EE-B007-9CB80280A1D4}.Debug|x64.Build.0 = Debug|x64
		{2E6F284B-0911-47EE-B007-9CB80280A1D4}.Debug|x86.ActiveCfg = Debug|x86
		{2E6F284B-0911-47EE-B007-9CB80280A1D4}.Debug|x86.Build.0 = Debug|x86
		{2E6F284B-0911-47EE-B007-9CB80280A1D4}.Release|Any CPU.ActiveCfg = Release|Any CPU
		{2E6F284B-0911-47EE-B007-9CB80280A1D4}.Release|Any CPU.Build.0 = Release|Any CPU
		{2E6F284B-0911-47EE-B007-9CB80280A1D4}.Release|x64.ActiveCfg = Release|x64
		{2E6F284B-0911-47EE-B007-9CB80280A1D4}.Release|x64.Build.0 = Release|x64
		{2E6F284B-0911-47EE-B007-9CB80280A1D4}.Release|x86.ActiveCfg = Release|x86
		{2E6F284B-0911-47EE-B007-9CB80280A1D4}.Release|x86.Build.0 = Release|x86
		{05A938CF-AA23-48E1-A88B-6A06960669D3}.Debug|Any CPU.ActiveCfg = Debug|Any CPU
		{05A938CF-AA23-48E1-A88B-6A06960669D3}.Debug|Any CPU.Build.0 = Debug|Any CPU
		{05A938CF-AA23-48E1-A88B-6A06960669D3}.Debug|x64.ActiveCfg = Debug|x64
		{05A938CF-AA23-48E1-A88B-6A06960669D3}.Debug|x64.Build.0 = Debug|x64
		{05A938CF-AA23-48E1-A88B-6A06960669D3}.Debug|x86.ActiveCfg = Debug|x86
		{05A938CF-AA23-48E1-A88B-6A06960669D3}.Debug|x86.Build.0 = Debug|x86
		{05A938CF-AA23-48E1-A88B-6A06960669D3}.Release|Any CPU.ActiveCfg = Release|Any CPU
		{05A938CF-AA23-48E1-A88B-6A06960669D3}.Release|Any CPU.Build.0 = Release|Any CPU
		{05A938CF-AA23-48E1-A88B-6A06960669D3}.Release|x64.ActiveCfg = Release|x64
		{05A938CF-AA23-48E1-A88B-6A06960669D3}.Release|x64.Build.0 = Release|x64
		{05A938CF-AA23-48E1-A88B-6A06960669D3}.Release|x86.ActiveCfg = Release|x86
		{05A938CF-AA23-48E1-A88B-6A06960669D3}.Release|x86.Build.0 = Release|x86
		{3CAF20EF-8032-4F62-88B6-B1152B0ED404}.Debug|Any CPU.ActiveCfg = Debug|Any CPU
		{3CAF20EF-8032-4F62-88B6-B1152B0ED404}.Debug|Any CPU.Build.0 = Debug|Any CPU
		{3CAF20EF-8032-4F62-88B6-B1152B0ED404}.Debug|x64.ActiveCfg = Debug|x64
		{3CAF20EF-8032-4F62-88B6-B1152B0ED404}.Debug|x64.Build.0 = Debug|x64
		{3CAF20EF-8032-4F62-88B6-B1152B0ED404}.Debug|x86.ActiveCfg = Debug|x86
		{3CAF20EF-8032-4F62-88B6-B1152B0ED404}.Debug|x86.Build.0 = Debug|x86
		{3CAF20EF-8032-4F62-88B6-B1152B0ED404}.Release|Any CPU.ActiveCfg = Release|Any CPU
		{3CAF20EF-8032-4F62-88B6-B1152B0ED404}.Release|Any CPU.Build.0 = Release|Any CPU
		{3CAF20EF-8032-4F62-88B6-B1152B0ED404}.Release|x64.ActiveCfg = Release|x64
		{3CAF20EF-8032-4F62-88B6-B1152B0ED404}.Release|x64.Build.0 = Release|x64
		{3CAF20EF-8032-4F62-88B6-B1152B0ED404}.Release|x86.ActiveCfg = Release|x86
		{3CAF20EF-8032-4F62-88B6-B1152B0ED404}.Release|x86.Build.0 = Release|x86
		{3A75F6A3-1AAB-489C-8F29-4A5D2AAE33D4}.Debug|Any CPU.ActiveCfg = Debug|Any CPU
		{3A75F6A3-1AAB-489C-8F29-4A5D2AAE33D4}.Debug|Any CPU.Build.0 = Debug|Any CPU
		{3A75F6A3-1AAB-489C-8F29-4A5D2AAE33D4}.Debug|x64.ActiveCfg = Debug|x64
		{3A75F6A3-1AAB-489C-8F29-4A5D2AAE33D4}.Debug|x64.Build.0 = Debug|x64
		{3A75F6A3-1AAB-489C-8F29-4A5D2AAE33D4}.Debug|x86.ActiveCfg = Debug|x86
		{3A75F6A3-1AAB-489C-8F29-4A5D2AAE33D4}.Debug|x86.Build.0 = Debug|x86
		{3A75F6A3-1AAB-489C-8F29-4A5D2AAE33D4}.Release|Any CPU.ActiveCfg = Release|Any CPU
		{3A75F6A3-1AAB-489C-8F29-4A5D2AAE33D4}.Release|Any CPU.Build.0 = Release|Any CPU
		{3A75F6A3-1AAB-489C-8F29-4A5D2AAE33D4}.Release|x64.ActiveCfg = Release|x64
		{3A75F6A3-1AAB-489C-8F29-4A5D2AAE33D4}.Release|x64.Build.0 = Release|x64
		{3A75F6A3-1AAB-489C-8F29-4A5D2AAE33D4}.Release|x86.ActiveCfg = Release|x86
		{3A75F6A3-1AAB-489C-8F29-4A5D2AAE33D4}.Release|x86.Build.0 = Release|x86
		{72652748-1C68-438B-8492-FA9F38355EF6}.Debug|Any CPU.ActiveCfg = Debug|Any CPU
		{72652748-1C68-438B-8492-FA9F38355EF6}.Debug|Any CPU.Build.0 = Debug|Any CPU
		{72652748-1C68-438B-8492-FA9F38355EF6}.Debug|x64.ActiveCfg = Debug|x64
		{72652748-1C68-438B-8492-FA9F38355EF6}.Debug|x64.Build.0 = Debug|x64
		{72652748-1C68-438B-8492-FA9F38355EF6}.Debug|x86.ActiveCfg = Debug|x86
		{72652748-1C68-438B-8492-FA9F38355EF6}.Debug|x86.Build.0 = Debug|x86
		{72652748-1C68-438B-8492-FA9F38355EF6}.Release|Any CPU.ActiveCfg = Release|Any CPU
		{72652748-1C68-438B-8492-FA9F38355EF6}.Release|Any CPU.Build.0 = Release|Any CPU
		{72652748-1C68-438B-8492-FA9F38355EF6}.Release|x64.ActiveCfg = Release|x64
		{72652748-1C68-438B-8492-FA9F38355EF6}.Release|x64.Build.0 = Release|x64
		{72652748-1C68-438B-8492-FA9F38355EF6}.Release|x86.ActiveCfg = Release|x86
		{72652748-1C68-438B-8492-FA9F38355EF6}.Release|x86.Build.0 = Release|x86
		{B2391FD2-432E-4B55-AB50-4C17AA9ADD31}.Debug|Any CPU.ActiveCfg = Debug|Any CPU
		{B2391FD2-432E-4B55-AB50-4C17AA9ADD31}.Debug|Any CPU.Build.0 = Debug|Any CPU
		{B2391FD2-432E-4B55-AB50-4C17AA9ADD31}.Debug|x64.ActiveCfg = Debug|x64
		{B2391FD2-432E-4B55-AB50-4C17AA9ADD31}.Debug|x64.Build.0 = Debug|x64
		{B2391FD2-432E-4B55-AB50-4C17AA9ADD31}.Debug|x86.ActiveCfg = Debug|x86
		{B2391FD2-432E-4B55-AB50-4C17AA9ADD31}.Debug|x86.Build.0 = Debug|x86
		{B2391FD2-432E-4B55-AB50-4C17AA9ADD31}.Release|Any CPU.ActiveCfg = Release|Any CPU
		{B2391FD2-432E-4B55-AB50-4C17AA9ADD31}.Release|Any CPU.Build.0 = Release|Any CPU
		{B2391FD2-432E-4B55-AB50-4C17AA9ADD31}.Release|x64.ActiveCfg = Release|x64
		{B2391FD2-432E-4B55-AB50-4C17AA9ADD31}.Release|x64.Build.0 = Release|x64
		{B2391FD2-432E-4B55-AB50-4C17AA9ADD31}.Release|x86.ActiveCfg = Release|x86
		{B2391FD2-432E-4B55-AB50-4C17AA9ADD31}.Release|x86.Build.0 = Release|x86
		{A10AE842-1113-4AA3-A8EB-D8DD89F5B27D}.Debug|Any CPU.ActiveCfg = Debug|Any CPU
		{A10AE842-1113-4AA3-A8EB-D8DD89F5B27D}.Debug|Any CPU.Build.0 = Debug|Any CPU
		{A10AE842-1113-4AA3-A8EB-D8DD89F5B27D}.Debug|x64.ActiveCfg = Debug|x64
		{A10AE842-1113-4AA3-A8EB-D8DD89F5B27D}.Debug|x64.Build.0 = Debug|x64
		{A10AE842-1113-4AA3-A8EB-D8DD89F5B27D}.Debug|x86.ActiveCfg = Debug|x86
		{A10AE842-1113-4AA3-A8EB-D8DD89F5B27D}.Debug|x86.Build.0 = Debug|x86
		{A10AE842-1113-4AA3-A8EB-D8DD89F5B27D}.Release|Any CPU.ActiveCfg = Release|Any CPU
		{A10AE842-1113-4AA3-A8EB-D8DD89F5B27D}.Release|Any CPU.Build.0 = Release|Any CPU
		{A10AE842-1113-4AA3-A8EB-D8DD89F5B27D}.Release|x64.ActiveCfg = Release|x64
		{A10AE842-1113-4AA3-A8EB-D8DD89F5B27D}.Release|x64.Build.0 = Release|x64
		{A10AE842-1113-4AA3-A8EB-D8DD89F5B27D}.Release|x86.ActiveCfg = Release|x86
		{A10AE842-1113-4AA3-A8EB-D8DD89F5B27D}.Release|x86.Build.0 = Release|x86
		{B0721F85-8F6D-41DD-B38C-3337002A14B7}.Debug|Any CPU.ActiveCfg = Debug|Any CPU
		{B0721F85-8F6D-41DD-B38C-3337002A14B7}.Debug|Any CPU.Build.0 = Debug|Any CPU
		{B0721F85-8F6D-41DD-B38C-3337002A14B7}.Debug|x64.ActiveCfg = Debug|x64
		{B0721F85-8F6D-41DD-B38C-3337002A14B7}.Debug|x64.Build.0 = Debug|x64
		{B0721F85-8F6D-41DD-B38C-3337002A14B7}.Debug|x86.ActiveCfg = Debug|x86
		{B0721F85-8F6D-41DD-B38C-3337002A14B7}.Debug|x86.Build.0 = Debug|x86
		{B0721F85-8F6D-41DD-B38C-3337002A14B7}.Release|Any CPU.ActiveCfg = Release|Any CPU
		{B0721F85-8F6D-41DD-B38C-3337002A14B7}.Release|Any CPU.Build.0 = Release|Any CPU
		{B0721F85-8F6D-41DD-B38C-3337002A14B7}.Release|x64.ActiveCfg = Release|x64
		{B0721F85-8F6D-41DD-B38C-3337002A14B7}.Release|x64.Build.0 = Release|x64
		{B0721F85-8F6D-41DD-B38C-3337002A14B7}.Release|x86.ActiveCfg = Release|x86
		{B0721F85-8F6D-41DD-B38C-3337002A14B7}.Release|x86.Build.0 = Release|x86
		{A2183256-3107-4D4F-B569-802D8B6D5D9D}.Debug|Any CPU.ActiveCfg = Debug|Any CPU
		{A2183256-3107-4D4F-B569-802D8B6D5D9D}.Debug|Any CPU.Build.0 = Debug|Any CPU
		{A2183256-3107-4D4F-B569-802D8B6D5D9D}.Debug|x64.ActiveCfg = Debug|x64
		{A2183256-3107-4D4F-B569-802D8B6D5D9D}.Debug|x64.Build.0 = Debug|x64
		{A2183256-3107-4D4F-B569-802D8B6D5D9D}.Debug|x86.ActiveCfg = Debug|x86
		{A2183256-3107-4D4F-B569-802D8B6D5D9D}.Debug|x86.Build.0 = Debug|x86
		{A2183256-3107-4D4F-B569-802D8B6D5D9D}.Release|Any CPU.ActiveCfg = Release|Any CPU
		{A2183256-3107-4D4F-B569-802D8B6D5D9D}.Release|Any CPU.Build.0 = Release|Any CPU
		{A2183256-3107-4D4F-B569-802D8B6D5D9D}.Release|x64.ActiveCfg = Release|x64
		{A2183256-3107-4D4F-B569-802D8B6D5D9D}.Release|x64.Build.0 = Release|x64
		{A2183256-3107-4D4F-B569-802D8B6D5D9D}.Release|x86.ActiveCfg = Release|x86
		{A2183256-3107-4D4F-B569-802D8B6D5D9D}.Release|x86.Build.0 = Release|x86
		{10D0DA61-2322-4D15-986C-531DE35C1752}.Debug|Any CPU.ActiveCfg = Debug|Any CPU
		{10D0DA61-2322-4D15-986C-531DE35C1752}.Debug|Any CPU.Build.0 = Debug|Any CPU
		{10D0DA61-2322-4D15-986C-531DE35C1752}.Debug|x64.ActiveCfg = Debug|x64
		{10D0DA61-2322-4D15-986C-531DE35C1752}.Debug|x64.Build.0 = Debug|x64
		{10D0DA61-2322-4D15-986C-531DE35C1752}.Debug|x86.ActiveCfg = Debug|x86
		{10D0DA61-2322-4D15-986C-531DE35C1752}.Debug|x86.Build.0 = Debug|x86
		{10D0DA61-2322-4D15-986C-531DE35C1752}.Release|Any CPU.ActiveCfg = Release|Any CPU
		{10D0DA61-2322-4D15-986C-531DE35C1752}.Release|Any CPU.Build.0 = Release|Any CPU
		{10D0DA61-2322-4D15-986C-531DE35C1752}.Release|x64.ActiveCfg = Release|x64
		{10D0DA61-2322-4D15-986C-531DE35C1752}.Release|x64.Build.0 = Release|x64
		{10D0DA61-2322-4D15-986C-531DE35C1752}.Release|x86.ActiveCfg = Release|x86
		{10D0DA61-2322-4D15-986C-531DE35C1752}.Release|x86.Build.0 = Release|x86
		{61D91473-231B-4722-8B02-A2419B2AAEA9}.Debug|Any CPU.ActiveCfg = Debug|Any CPU
		{61D91473-231B-4722-8B02-A2419B2AAEA9}.Debug|Any CPU.Build.0 = Debug|Any CPU
		{61D91473-231B-4722-8B02-A2419B2AAEA9}.Debug|x64.ActiveCfg = Debug|x64
		{61D91473-231B-4722-8B02-A2419B2AAEA9}.Debug|x64.Build.0 = Debug|x64
		{61D91473-231B-4722-8B02-A2419B2AAEA9}.Debug|x86.ActiveCfg = Debug|x86
		{61D91473-231B-4722-8B02-A2419B2AAEA9}.Debug|x86.Build.0 = Debug|x86
		{61D91473-231B-4722-8B02-A2419B2AAEA9}.Release|Any CPU.ActiveCfg = Release|Any CPU
		{61D91473-231B-4722-8B02-A2419B2AAEA9}.Release|Any CPU.Build.0 = Release|Any CPU
		{61D91473-231B-4722-8B02-A2419B2AAEA9}.Release|x64.ActiveCfg = Release|x64
		{61D91473-231B-4722-8B02-A2419B2AAEA9}.Release|x64.Build.0 = Release|x64
		{61D91473-231B-4722-8B02-A2419B2AAEA9}.Release|x86.ActiveCfg = Release|x86
		{61D91473-231B-4722-8B02-A2419B2AAEA9}.Release|x86.Build.0 = Release|x86
	EndGlobalSection
	GlobalSection(NestedProjects) = preSolution
		{D5C611AF-14D1-4D72-B81B-CDC65FB0E8D2} = {9978953E-CFCA-43CF-9586-19B9B1E7B8C3}
		{BF04ED23-547A-47EB-80E8-6B117EB52A48} = {9978953E-CFCA-43CF-9586-19B9B1E7B8C3}
		{F80544EE-ABD5-411A-93D8-12E001F02574} = {9978953E-CFCA-43CF-9586-19B9B1E7B8C3}
		{14CAFBAD-7A81-42C9-87C6-CD97ADB1359E} = {9978953E-CFCA-43CF-9586-19B9B1E7B8C3}
		{C180DECB-F799-4005-99E7-A84E82749E28} = {9978953E-CFCA-43CF-9586-19B9B1E7B8C3}
		{0819EDBC-F0C5-4382-B1EF-59DD135A686B} = {9978953E-CFCA-43CF-9586-19B9B1E7B8C3}
		{2E6F284B-0911-47EE-B007-9CB80280A1D4} = {9978953E-CFCA-43CF-9586-19B9B1E7B8C3}
		{05A938CF-AA23-48E1-A88B-6A06960669D3} = {9978953E-CFCA-43CF-9586-19B9B1E7B8C3}
		{3CAF20EF-8032-4F62-88B6-B1152B0ED404} = {D0233EE6-8347-4D14-856E-34981CD8226F}
		{3A75F6A3-1AAB-489C-8F29-4A5D2AAE33D4} = {9978953E-CFCA-43CF-9586-19B9B1E7B8C3}
		{72652748-1C68-438B-8492-FA9F38355EF6} = {9978953E-CFCA-43CF-9586-19B9B1E7B8C3}
		{B2391FD2-432E-4B55-AB50-4C17AA9ADD31} = {9978953E-CFCA-43CF-9586-19B9B1E7B8C3}
		{A10AE842-1113-4AA3-A8EB-D8DD89F5B27D} = {9978953E-CFCA-43CF-9586-19B9B1E7B8C3}
		{B0721F85-8F6D-41DD-B38C-3337002A14B7} = {9978953E-CFCA-43CF-9586-19B9B1E7B8C3}
		{A2183256-3107-4D4F-B569-802D8B6D5D9D} = {9978953E-CFCA-43CF-9586-19B9B1E7B8C3}
		{10D0DA61-2322-4D15-986C-531DE35C1752} = {178D21F5-719C-413B-8D60-38F80D6E70B4}
		{61D91473-231B-4722-8B02-A2419B2AAEA9} = {178D21F5-719C-413B-8D60-38F80D6E70B4}
	EndGlobalSection
EndGlobal
